
Microsoft Visual Studio Solution File, Format Version 12.00
Project("{FAE04EC0-301F-11D3-BF4B-00C04F79EFBC}") = "AspireApp.AppHost", "AspireApp.AppHost\AspireApp.AppHost.csproj", "{6DBB0BBF-BDDD-4DA3-BDC6-DE5C3115E571}"
EndProject
Project("{FAE04EC0-301F-11D3-BF4B-00C04F79EFBC}") = "AspireApp.ServiceDefaults", "AspireApp.ServiceDefaults\AspireApp.ServiceDefaults.csproj", "{1E1CC3B6-E2AF-4E8B-848A-92D595E32C85}"
EndProject
Project("{FAE04EC0-301F-11D3-BF4B-00C04F79EFBC}") = "AspireApp.ApiService", "AspireApp.ApiService\AspireApp.ApiService.csproj", "{EF51AABD-379F-42C4-A740-7278BC1FD89D}"
EndProject
Project("{FAE04EC0-301F-11D3-BF4B-00C04F79EFBC}") = "AspireApp.Web", "AspireApp.Web\AspireApp.Web.csproj", "{EAA15492-9A32-4BA8-93DB-2BA6938864E8}"
EndProject
Global
	GlobalSection(SolutionConfigurationPlatforms) = preSolution
		Debug|Any CPU = Debug|Any CPU
		Release|Any CPU = Release|Any CPU
	EndGlobalSection
	GlobalSection(ProjectConfigurationPlatforms) = postSolution
		{6DBB0BBF-BDDD-4DA3-BDC6-DE5C3115E571}.Debug|Any CPU.ActiveCfg = Debug|Any CPU
		{6DBB0BBF-BDDD-4DA3-BDC6-DE5C3115E571}.Debug|Any CPU.Build.0 = Debug|Any CPU
		{6DBB0BBF-BDDD-4DA3-BDC6-DE5C3115E571}.Release|Any CPU.ActiveCfg = Release|Any CPU
		{6DBB0BBF-BDDD-4DA3-BDC6-DE5C3115E571}.Release|Any CPU.Build.0 = Release|Any CPU
		{1E1CC3B6-E2AF-4E8B-848A-92D595E32C85}.Debug|Any CPU.ActiveCfg = Debug|Any CPU
		{1E1CC3B6-E2AF-4E8B-848A-92D595E32C85}.Debug|Any CPU.Build.0 = Debug|Any CPU
		{1E1CC3B6-E2AF-4E8B-848A-92D595E32C85}.Release|Any CPU.ActiveCfg = Release|Any CPU
		{1E1CC3B6-E2AF-4E8B-848A-92D595E32C85}.Release|Any CPU.Build.0 = Release|Any CPU
		{EF51AABD-379F-42C4-A740-7278BC1FD89D}.Debug|Any CPU.ActiveCfg = Debug|Any CPU
		{EF51AABD-379F-42C4-A740-7278BC1FD89D}.Debug|Any CPU.Build.0 = Debug|Any CPU
		{EF51AABD-379F-42C4-A740-7278BC1FD89D}.Release|Any CPU.ActiveCfg = Release|Any CPU
		{EF51AABD-379F-42C4-A740-7278BC1FD89D}.Release|Any CPU.Build.0 = Release|Any CPU
		{EAA15492-9A32-4BA8-93DB-2BA6938864E8}.Debug|Any CPU.ActiveCfg = Debug|Any CPU
		{EAA15492-9A32-4BA8-93DB-2BA6938864E8}.Debug|Any CPU.Build.0 = Debug|Any CPU
		{EAA15492-9A32-4BA8-93DB-2BA6938864E8}.Release|Any CPU.ActiveCfg = Release|Any CPU
		{EAA15492-9A32-4BA8-93DB-2BA6938864E8}.Release|Any CPU.Build.0 = Release|Any CPU
	EndGlobalSection
EndGlobal
